
Microsoft Visual Studio Solution File, Format Version 12.00
# Visual Studio Version 17
VisualStudioVersion = 17.10.35013.160
MinimumVisualStudioVersion = 10.0.40219.1
Project("{FAE04EC0-301F-11D3-BF4B-00C04F79EFBC}") = "Ejercicio_3", "Ejercicio_3\Ejercicio_3.csproj", "{A7DF4A7A-C827-49C5-81C9-08C6A4C55168}"
EndProject
Global
	GlobalSection(SolutionConfigurationPlatforms) = preSolution
		Debug|Any CPU = Debug|Any CPU
		Release|Any CPU = Release|Any CPU
	EndGlobalSection
	GlobalSection(ProjectConfigurationPlatforms) = postSolution
		{A7DF4A7A-C827-49C5-81C9-08C6A4C55168}.Debug|Any CPU.ActiveCfg = Debug|Any CPU
		{A7DF4A7A-C827-49C5-81C9-08C6A4C55168}.Debug|Any CPU.Build.0 = Debug|Any CPU
		{A7DF4A7A-C827-49C5-81C9-08C6A4C55168}.Release|Any CPU.ActiveCfg = Release|Any CPU
		{A7DF4A7A-C827-49C5-81C9-08C6A4C55168}.Release|Any CPU.Build.0 = Release|Any CPU
	EndGlobalSection
	GlobalSection(SolutionProperties) = preSolution
		HideSolutionNode = FALSE
	EndGlobalSection
	GlobalSection(ExtensibilityGlobals) = postSolution
		SolutionGuid = {D34D0C0D-E63F-478B-9580-76926891FF32}
	EndGlobalSection
EndGlobal
