
Microsoft Visual Studio Solution File, Format Version 12.00
# Visual Studio Version 17
VisualStudioVersion = 17.10.35013.160
MinimumVisualStudioVersion = 10.0.40219.1
Project("{FAE04EC0-301F-11D3-BF4B-00C04F79EFBC}") = "Ejercicio_4", "Ejercicio_4\Ejercicio_4.csproj", "{F22149C4-CEF6-412B-A210-9B5013BBDF79}"
EndProject
Global
	GlobalSection(SolutionConfigurationPlatforms) = preSolution
		Debug|Any CPU = Debug|Any CPU
		Release|Any CPU = Release|Any CPU
	EndGlobalSection
	GlobalSection(ProjectConfigurationPlatforms) = postSolution
		{F22149C4-CEF6-412B-A210-9B5013BBDF79}.Debug|Any CPU.ActiveCfg = Debug|Any CPU
		{F22149C4-CEF6-412B-A210-9B5013BBDF79}.Debug|Any CPU.Build.0 = Debug|Any CPU
		{F22149C4-CEF6-412B-A210-9B5013BBDF79}.Release|Any CPU.ActiveCfg = Release|Any CPU
		{F22149C4-CEF6-412B-A210-9B5013BBDF79}.Release|Any CPU.Build.0 = Release|Any CPU
	EndGlobalSection
	GlobalSection(SolutionProperties) = preSolution
		HideSolutionNode = FALSE
	EndGlobalSection
	GlobalSection(ExtensibilityGlobals) = postSolution
		SolutionGuid = {BB5A1884-3A77-4F62-9EB7-C4B1A28CC610}
	EndGlobalSection
EndGlobal
