
Microsoft Visual Studio Solution File, Format Version 12.00
# Visual Studio Version 17
VisualStudioVersion = 17.10.35122.118
MinimumVisualStudioVersion = 10.0.40219.1
Project("{FAE04EC0-301F-11D3-BF4B-00C04F79EFBC}") = "Ejercicio_6", "Ejercicio_6\Ejercicio_6.csproj", "{882725E1-CA7F-47F5-A0E7-B39B81ED1CDF}"
EndProject
Global
	GlobalSection(SolutionConfigurationPlatforms) = preSolution
		Debug|Any CPU = Debug|Any CPU
		Release|Any CPU = Release|Any CPU
	EndGlobalSection
	GlobalSection(ProjectConfigurationPlatforms) = postSolution
		{882725E1-CA7F-47F5-A0E7-B39B81ED1CDF}.Debug|Any CPU.ActiveCfg = Debug|Any CPU
		{882725E1-CA7F-47F5-A0E7-B39B81ED1CDF}.Debug|Any CPU.Build.0 = Debug|Any CPU
		{882725E1-CA7F-47F5-A0E7-B39B81ED1CDF}.Release|Any CPU.ActiveCfg = Release|Any CPU
		{882725E1-CA7F-47F5-A0E7-B39B81ED1CDF}.Release|Any CPU.Build.0 = Release|Any CPU
	EndGlobalSection
	GlobalSection(SolutionProperties) = preSolution
		HideSolutionNode = FALSE
	EndGlobalSection
	GlobalSection(ExtensibilityGlobals) = postSolution
		SolutionGuid = {AC9558C4-B2EC-4232-8C24-D2CB9E6E4C5A}
	EndGlobalSection
EndGlobal
