
Microsoft Visual Studio Solution File, Format Version 12.00
# Visual Studio Version 17
VisualStudioVersion = 17.8.34316.72
MinimumVisualStudioVersion = 10.0.40219.1
Project("{FAE04EC0-301F-11D3-BF4B-00C04F79EFBC}") = "Unidad01Lab02", "Unidad01Lab02\Unidad01Lab02.csproj", "{F684183C-F8F6-46DA-BFDC-91D7534A693D}"
EndProject
Global
	GlobalSection(SolutionConfigurationPlatforms) = preSolution
		Debug|Any CPU = Debug|Any CPU
		Release|Any CPU = Release|Any CPU
	EndGlobalSection
	GlobalSection(ProjectConfigurationPlatforms) = postSolution
		{F684183C-F8F6-46DA-BFDC-91D7534A693D}.Debug|Any CPU.ActiveCfg = Debug|Any CPU
		{F684183C-F8F6-46DA-BFDC-91D7534A693D}.Debug|Any CPU.Build.0 = Debug|Any CPU
		{F684183C-F8F6-46DA-BFDC-91D7534A693D}.Release|Any CPU.ActiveCfg = Release|Any CPU
		{F684183C-F8F6-46DA-BFDC-91D7534A693D}.Release|Any CPU.Build.0 = Release|Any CPU
	EndGlobalSection
	GlobalSection(SolutionProperties) = preSolution
		HideSolutionNode = FALSE
	EndGlobalSection
	GlobalSection(ExtensibilityGlobals) = postSolution
		SolutionGuid = {70311F35-2FF1-4BA6-A1F1-105ACD57FC2C}
	EndGlobalSection
EndGlobal
